
Microsoft Visual Studio Solution File, Format Version 12.00
# Visual Studio Version 16
VisualStudioVersion = 16.0.30204.135
MinimumVisualStudioVersion = 10.0.40219.1
Project("{9A19103F-16F7-4668-BE54-9A1E7A4F7556}") = "MidTerm", "MidTerm\MidTerm.csproj", "{A59DA365-1044-4AC5-AD43-E51BBD7DD87B}"
EndProject
Project("{FAE04EC0-301F-11D3-BF4B-00C04F79EFBC}") = "XUnitMidTerm", "XUnitMidTerm\XUnitMidTerm.csproj", "{EB43ADD9-717D-4E33-B664-8C1FB4B4BEAF}"
EndProject
Project("{FAE04EC0-301F-11D3-BF4B-00C04F79EFBC}") = "midTermConsole", "midTermConsole\midTermConsole.csproj", "{576593FC-FB52-4F98-B094-75C916DFFB84}"
EndProject
Global
	GlobalSection(SolutionConfigurationPlatforms) = preSolution
		Debug|Any CPU = Debug|Any CPU
		Release|Any CPU = Release|Any CPU
	EndGlobalSection
	GlobalSection(ProjectConfigurationPlatforms) = postSolution
		{A59DA365-1044-4AC5-AD43-E51BBD7DD87B}.Debug|Any CPU.ActiveCfg = Debug|Any CPU
		{A59DA365-1044-4AC5-AD43-E51BBD7DD87B}.Debug|Any CPU.Build.0 = Debug|Any CPU
		{A59DA365-1044-4AC5-AD43-E51BBD7DD87B}.Release|Any CPU.ActiveCfg = Release|Any CPU
		{A59DA365-1044-4AC5-AD43-E51BBD7DD87B}.Release|Any CPU.Build.0 = Release|Any CPU
		{EB43ADD9-717D-4E33-B664-8C1FB4B4BEAF}.Debug|Any CPU.ActiveCfg = Debug|Any CPU
		{EB43ADD9-717D-4E33-B664-8C1FB4B4BEAF}.Debug|Any CPU.Build.0 = Debug|Any CPU
		{EB43ADD9-717D-4E33-B664-8C1FB4B4BEAF}.Release|Any CPU.ActiveCfg = Release|Any CPU
		{EB43ADD9-717D-4E33-B664-8C1FB4B4BEAF}.Release|Any CPU.Build.0 = Release|Any CPU
		{576593FC-FB52-4F98-B094-75C916DFFB84}.Debug|Any CPU.ActiveCfg = Debug|Any CPU
		{576593FC-FB52-4F98-B094-75C916DFFB84}.Debug|Any CPU.Build.0 = Debug|Any CPU
		{576593FC-FB52-4F98-B094-75C916DFFB84}.Release|Any CPU.ActiveCfg = Release|Any CPU
		{576593FC-FB52-4F98-B094-75C916DFFB84}.Release|Any CPU.Build.0 = Release|Any CPU
	EndGlobalSection
	GlobalSection(SolutionProperties) = preSolution
		HideSolutionNode = FALSE
	EndGlobalSection
	GlobalSection(ExtensibilityGlobals) = postSolution
		SolutionGuid = {727DB326-4180-4F6F-B595-792535698A98}
	EndGlobalSection
EndGlobal
